// !$*UTF8*$!
{
	archiveVersion = 1;
	classes = {
	};
	objectVersion = 56;
	objects = {

/* Begin PBXBuildFile section */
		1F12C01429E55136009F6FE5 /* CustomViewController.swift in Sources */ = {isa = PBXBuildFile; fileRef = 1F12C01329E55136009F6FE5 /* CustomViewController.swift */; };
		1F14328229DE86D90032CE88 /* CustomTableViewCell.swift in Sources */ = {isa = PBXBuildFile; fileRef = 1F14328129DE86D90032CE88 /* CustomTableViewCell.swift */; };
		1F14328429DEA16D0032CE88 /* ListTourismViewController.swift in Sources */ = {isa = PBXBuildFile; fileRef = 1F14328329DEA16D0032CE88 /* ListTourismViewController.swift */; };
		1F1EFC4B29DFB65700C05003 /* ItemDetailViewController.swift in Sources */ = {isa = PBXBuildFile; fileRef = 1F1EFC4A29DFB65700C05003 /* ItemDetailViewController.swift */; };
		1F1EFC4D29DFBFA500C05003 /* Tourism.swift in Sources */ = {isa = PBXBuildFile; fileRef = 1F1EFC4C29DFBFA500C05003 /* Tourism.swift */; };
		1F1EFC4F29DFC95C00C05003 /* EditItemViewController.swift in Sources */ = {isa = PBXBuildFile; fileRef = 1F1EFC4E29DFC95C00C05003 /* EditItemViewController.swift */; };
		1F8056F229E51D54000C1F56 /* MovieTableViewCell.swift in Sources */ = {isa = PBXBuildFile; fileRef = 1F8056F029E51D54000C1F56 /* MovieTableViewCell.swift */; };
		1F8056F329E51D54000C1F56 /* MovieTableViewCell.xib in Resources */ = {isa = PBXBuildFile; fileRef = 1F8056F129E51D54000C1F56 /* MovieTableViewCell.xib */; };
		1F9024C429E50112005B80CB /* TourismTableViewCell.swift in Sources */ = {isa = PBXBuildFile; fileRef = 1F9024C229E50112005B80CB /* TourismTableViewCell.swift */; };
		1F9024C529E50112005B80CB /* TourismTableViewCell.xib in Resources */ = {isa = PBXBuildFile; fileRef = 1F9024C329E50112005B80CB /* TourismTableViewCell.xib */; };
		1FB97DCB29DEC018009ED47D /* MovieCollectionViewCell.swift in Sources */ = {isa = PBXBuildFile; fileRef = 1FB97DCA29DEC018009ED47D /* MovieCollectionViewCell.swift */; };
		1FB97DCD29DEC0F7009ED47D /* MovieViewController.swift in Sources */ = {isa = PBXBuildFile; fileRef = 1FB97DCC29DEC0F7009ED47D /* MovieViewController.swift */; };
		1FB97DD129DEC5AC009ED47D /* Movie.swift in Sources */ = {isa = PBXBuildFile; fileRef = 1FB97DD029DEC5AC009ED47D /* Movie.swift */; };
		1FCF48FF29DC191000A23134 /* AppDelegate.swift in Sources */ = {isa = PBXBuildFile; fileRef = 1FCF48FE29DC191000A23134 /* AppDelegate.swift */; };
		1FCF490129DC191000A23134 /* SceneDelegate.swift in Sources */ = {isa = PBXBuildFile; fileRef = 1FCF490029DC191000A23134 /* SceneDelegate.swift */; };
		1FCF490329DC191000A23134 /* ViewController.swift in Sources */ = {isa = PBXBuildFile; fileRef = 1FCF490229DC191000A23134 /* ViewController.swift */; };
		1FCF490629DC191000A23134 /* Main.storyboard in Resources */ = {isa = PBXBuildFile; fileRef = 1FCF490429DC191000A23134 /* Main.storyboard */; };
		1FCF490829DC191200A23134 /* Assets.xcassets in Resources */ = {isa = PBXBuildFile; fileRef = 1FCF490729DC191200A23134 /* Assets.xcassets */; };
		1FCF490B29DC191200A23134 /* LaunchScreen.storyboard in Resources */ = {isa = PBXBuildFile; fileRef = 1FCF490929DC191200A23134 /* LaunchScreen.storyboard */; };
		1FCF491329DC1AB100A23134 /* SecondViewController.swift in Sources */ = {isa = PBXBuildFile; fileRef = 1FCF491229DC1AB000A23134 /* SecondViewController.swift */; };
		1FEA84E129E553D70093E495 /* ImageTableViewCell.swift in Sources */ = {isa = PBXBuildFile; fileRef = 1FEA84DF29E553D70093E495 /* ImageTableViewCell.swift */; };
		1FEA84E229E553D70093E495 /* ImageTableViewCell.xib in Resources */ = {isa = PBXBuildFile; fileRef = 1FEA84E029E553D70093E495 /* ImageTableViewCell.xib */; };
		1FEA84E529E557F30093E495 /* TextTableViewCell.swift in Sources */ = {isa = PBXBuildFile; fileRef = 1FEA84E329E557F30093E495 /* TextTableViewCell.swift */; };
		1FEA84E629E557F30093E495 /* TextTableViewCell.xib in Resources */ = {isa = PBXBuildFile; fileRef = 1FEA84E429E557F30093E495 /* TextTableViewCell.xib */; };
/* End PBXBuildFile section */

/* Begin PBXFileReference section */
		1F12C01329E55136009F6FE5 /* CustomViewController.swift */ = {isa = PBXFileReference; lastKnownFileType = sourcecode.swift; path = CustomViewController.swift; sourceTree = "<group>"; };
		1F14328129DE86D90032CE88 /* CustomTableViewCell.swift */ = {isa = PBXFileReference; lastKnownFileType = sourcecode.swift; path = CustomTableViewCell.swift; sourceTree = "<group>"; };
		1F14328329DEA16D0032CE88 /* ListTourismViewController.swift */ = {isa = PBXFileReference; lastKnownFileType = sourcecode.swift; path = ListTourismViewController.swift; sourceTree = "<group>"; };
		1F1EFC4A29DFB65700C05003 /* ItemDetailViewController.swift */ = {isa = PBXFileReference; lastKnownFileType = sourcecode.swift; path = ItemDetailViewController.swift; sourceTree = "<group>"; };
		1F1EFC4C29DFBFA500C05003 /* Tourism.swift */ = {isa = PBXFileReference; lastKnownFileType = sourcecode.swift; path = Tourism.swift; sourceTree = "<group>"; };
		1F1EFC4E29DFC95C00C05003 /* EditItemViewController.swift */ = {isa = PBXFileReference; lastKnownFileType = sourcecode.swift; path = EditItemViewController.swift; sourceTree = "<group>"; };
		1F8056F029E51D54000C1F56 /* MovieTableViewCell.swift */ = {isa = PBXFileReference; lastKnownFileType = sourcecode.swift; path = MovieTableViewCell.swift; sourceTree = "<group>"; };
		1F8056F129E51D54000C1F56 /* MovieTableViewCell.xib */ = {isa = PBXFileReference; lastKnownFileType = file.xib; path = MovieTableViewCell.xib; sourceTree = "<group>"; };
		1F9024C229E50112005B80CB /* TourismTableViewCell.swift */ = {isa = PBXFileReference; lastKnownFileType = sourcecode.swift; path = TourismTableViewCell.swift; sourceTree = "<group>"; };
		1F9024C329E50112005B80CB /* TourismTableViewCell.xib */ = {isa = PBXFileReference; lastKnownFileType = file.xib; path = TourismTableViewCell.xib; sourceTree = "<group>"; };
		1FB97DCA29DEC018009ED47D /* MovieCollectionViewCell.swift */ = {isa = PBXFileReference; lastKnownFileType = sourcecode.swift; path = MovieCollectionViewCell.swift; sourceTree = "<group>"; };
		1FB97DCC29DEC0F7009ED47D /* MovieViewController.swift */ = {isa = PBXFileReference; lastKnownFileType = sourcecode.swift; path = MovieViewController.swift; sourceTree = "<group>"; };
		1FB97DD029DEC5AC009ED47D /* Movie.swift */ = {isa = PBXFileReference; lastKnownFileType = sourcecode.swift; path = Movie.swift; sourceTree = "<group>"; };
		1FCF48FB29DC191000A23134 /* DemoUi.app */ = {isa = PBXFileReference; explicitFileType = wrapper.application; includeInIndex = 0; path = DemoUi.app; sourceTree = BUILT_PRODUCTS_DIR; };
		1FCF48FE29DC191000A23134 /* AppDelegate.swift */ = {isa = PBXFileReference; lastKnownFileType = sourcecode.swift; path = AppDelegate.swift; sourceTree = "<group>"; };
		1FCF490029DC191000A23134 /* SceneDelegate.swift */ = {isa = PBXFileReference; lastKnownFileType = sourcecode.swift; path = SceneDelegate.swift; sourceTree = "<group>"; };
		1FCF490229DC191000A23134 /* ViewController.swift */ = {isa = PBXFileReference; lastKnownFileType = sourcecode.swift; path = ViewController.swift; sourceTree = "<group>"; };
		1FCF490529DC191000A23134 /* Base */ = {isa = PBXFileReference; lastKnownFileType = file.storyboard; name = Base; path = Base.lproj/Main.storyboard; sourceTree = "<group>"; };
		1FCF490729DC191200A23134 /* Assets.xcassets */ = {isa = PBXFileReference; lastKnownFileType = folder.assetcatalog; path = Assets.xcassets; sourceTree = "<group>"; };
		1FCF490A29DC191200A23134 /* Base */ = {isa = PBXFileReference; lastKnownFileType = file.storyboard; name = Base; path = Base.lproj/LaunchScreen.storyboard; sourceTree = "<group>"; };
		1FCF490C29DC191200A23134 /* Info.plist */ = {isa = PBXFileReference; lastKnownFileType = text.plist.xml; path = Info.plist; sourceTree = "<group>"; };
		1FCF491229DC1AB000A23134 /* SecondViewController.swift */ = {isa = PBXFileReference; lastKnownFileType = sourcecode.swift; path = SecondViewController.swift; sourceTree = "<group>"; };
		1FEA84DF29E553D70093E495 /* ImageTableViewCell.swift */ = {isa = PBXFileReference; lastKnownFileType = sourcecode.swift; path = ImageTableViewCell.swift; sourceTree = "<group>"; };
		1FEA84E029E553D70093E495 /* ImageTableViewCell.xib */ = {isa = PBXFileReference; lastKnownFileType = file.xib; path = ImageTableViewCell.xib; sourceTree = "<group>"; };
		1FEA84E329E557F30093E495 /* TextTableViewCell.swift */ = {isa = PBXFileReference; lastKnownFileType = sourcecode.swift; path = TextTableViewCell.swift; sourceTree = "<group>"; };
		1FEA84E429E557F30093E495 /* TextTableViewCell.xib */ = {isa = PBXFileReference; lastKnownFileType = file.xib; path = TextTableViewCell.xib; sourceTree = "<group>"; };
/* End PBXFileReference section */

/* Begin PBXFrameworksBuildPhase section */
		1FCF48F829DC191000A23134 /* Frameworks */ = {
			isa = PBXFrameworksBuildPhase;
			buildActionMask = 2147483647;
			files = (
			);
			runOnlyForDeploymentPostprocessing = 0;
		};
/* End PBXFrameworksBuildPhase section */

/* Begin PBXGroup section */
		1FCF48F229DC191000A23134 = {
			isa = PBXGroup;
			children = (
				1FCF48FD29DC191000A23134 /* DemoUi */,
				1FCF48FC29DC191000A23134 /* Products */,
			);
			sourceTree = "<group>";
		};
		1FCF48FC29DC191000A23134 /* Products */ = {
			isa = PBXGroup;
			children = (
				1FCF48FB29DC191000A23134 /* DemoUi.app */,
			);
			name = Products;
			sourceTree = "<group>";
		};
		1FCF48FD29DC191000A23134 /* DemoUi */ = {
			isa = PBXGroup;
			children = (
				1FCF48FE29DC191000A23134 /* AppDelegate.swift */,
				1FCF490029DC191000A23134 /* SceneDelegate.swift */,
				1FCF490229DC191000A23134 /* ViewController.swift */,
				1FCF490429DC191000A23134 /* Main.storyboard */,
				1F12C01329E55136009F6FE5 /* CustomViewController.swift */,
				1F1EFC4A29DFB65700C05003 /* ItemDetailViewController.swift */,
				1FCF491229DC1AB000A23134 /* SecondViewController.swift */,
				1FCF490729DC191200A23134 /* Assets.xcassets */,
				1FCF490929DC191200A23134 /* LaunchScreen.storyboard */,
				1FCF490C29DC191200A23134 /* Info.plist */,
				1F14328129DE86D90032CE88 /* CustomTableViewCell.swift */,
				1F14328329DEA16D0032CE88 /* ListTourismViewController.swift */,
				1FB97DCA29DEC018009ED47D /* MovieCollectionViewCell.swift */,
				1FB97DCC29DEC0F7009ED47D /* MovieViewController.swift */,
				1FB97DD029DEC5AC009ED47D /* Movie.swift */,
				1F1EFC4C29DFBFA500C05003 /* Tourism.swift */,
				1F1EFC4E29DFC95C00C05003 /* EditItemViewController.swift */,
				1F9024C229E50112005B80CB /* TourismTableViewCell.swift */,
				1F9024C329E50112005B80CB /* TourismTableViewCell.xib */,
				1F8056F029E51D54000C1F56 /* MovieTableViewCell.swift */,
				1F8056F129E51D54000C1F56 /* MovieTableViewCell.xib */,
				1FEA84DF29E553D70093E495 /* ImageTableViewCell.swift */,
				1FEA84E029E553D70093E495 /* ImageTableViewCell.xib */,
				1FEA84E329E557F30093E495 /* TextTableViewCell.swift */,
				1FEA84E429E557F30093E495 /* TextTableViewCell.xib */,
			);
			path = DemoUi;
			sourceTree = "<group>";
		};
/* End PBXGroup section */

/* Begin PBXNativeTarget section */
		1FCF48FA29DC191000A23134 /* DemoUi */ = {
			isa = PBXNativeTarget;
			buildConfigurationList = 1FCF490F29DC191200A23134 /* Build configuration list for PBXNativeTarget "DemoUi" */;
			buildPhases = (
				1FCF48F729DC191000A23134 /* Sources */,
				1FCF48F829DC191000A23134 /* Frameworks */,
				1FCF48F929DC191000A23134 /* Resources */,
			);
			buildRules = (
			);
			dependencies = (
			);
			name = DemoUi;
			productName = DemoUi;
			productReference = 1FCF48FB29DC191000A23134 /* DemoUi.app */;
			productType = "com.apple.product-type.application";
		};
/* End PBXNativeTarget section */

/* Begin PBXProject section */
		1FCF48F329DC191000A23134 /* Project object */ = {
			isa = PBXProject;
			attributes = {
				BuildIndependentTargetsInParallel = 1;
				LastSwiftUpdateCheck = 1420;
				LastUpgradeCheck = 1420;
				TargetAttributes = {
					1FCF48FA29DC191000A23134 = {
						CreatedOnToolsVersion = 14.2;
					};
				};
			};
			buildConfigurationList = 1FCF48F629DC191000A23134 /* Build configuration list for PBXProject "DemoUi" */;
			compatibilityVersion = "Xcode 14.0";
			developmentRegion = en;
			hasScannedForEncodings = 0;
			knownRegions = (
				en,
				Base,
			);
			mainGroup = 1FCF48F229DC191000A23134;
			productRefGroup = 1FCF48FC29DC191000A23134 /* Products */;
			projectDirPath = "";
			projectRoot = "";
			targets = (
				1FCF48FA29DC191000A23134 /* DemoUi */,
			);
		};
/* End PBXProject section */

/* Begin PBXResourcesBuildPhase section */
		1FCF48F929DC191000A23134 /* Resources */ = {
			isa = PBXResourcesBuildPhase;
			buildActionMask = 2147483647;
			files = (
				1FCF490B29DC191200A23134 /* LaunchScreen.storyboard in Resources */,
				1F8056F329E51D54000C1F56 /* MovieTableViewCell.xib in Resources */,
				1FEA84E629E557F30093E495 /* TextTableViewCell.xib in Resources */,
				1FCF490829DC191200A23134 /* Assets.xcassets in Resources */,
				1FEA84E229E553D70093E495 /* ImageTableViewCell.xib in Resources */,
				1FCF490629DC191000A23134 /* Main.storyboard in Resources */,
				1F9024C529E50112005B80CB /* TourismTableViewCell.xib in Resources */,
			);
			runOnlyForDeploymentPostprocessing = 0;
		};
/* End PBXResourcesBuildPhase section */

/* Begin PBXSourcesBuildPhase section */
		1FCF48F729DC191000A23134 /* Sources */ = {
			isa = PBXSourcesBuildPhase;
			buildActionMask = 2147483647;
			files = (
				1F1EFC4B29DFB65700C05003 /* ItemDetailViewController.swift in Sources */,
				1FCF491329DC1AB100A23134 /* SecondViewController.swift in Sources */,
				1F8056F229E51D54000C1F56 /* MovieTableViewCell.swift in Sources */,
				1F9024C429E50112005B80CB /* TourismTableViewCell.swift in Sources */,
				1F1EFC4D29DFBFA500C05003 /* Tourism.swift in Sources */,
				1F14328229DE86D90032CE88 /* CustomTableViewCell.swift in Sources */,
				1FB97DD129DEC5AC009ED47D /* Movie.swift in Sources */,
				1F14328429DEA16D0032CE88 /* ListTourismViewController.swift in Sources */,
				1FB97DCD29DEC0F7009ED47D /* MovieViewController.swift in Sources */,
				1FEA84E129E553D70093E495 /* ImageTableViewCell.swift in Sources */,
				1F1EFC4F29DFC95C00C05003 /* EditItemViewController.swift in Sources */,
				1FCF490329DC191000A23134 /* ViewController.swift in Sources */,
				1FB97DCB29DEC018009ED47D /* MovieCollectionViewCell.swift in Sources */,
				1FEA84E529E557F30093E495 /* TextTableViewCell.swift in Sources */,
				1F12C01429E55136009F6FE5 /* CustomViewController.swift in Sources */,
				1FCF48FF29DC191000A23134 /* AppDelegate.swift in Sources */,
				1FCF490129DC191000A23134 /* SceneDelegate.swift in Sources */,
			);
			runOnlyForDeploymentPostprocessing = 0;
		};
/* End PBXSourcesBuildPhase section */

/* Begin PBXVariantGroup section */
		1FCF490429DC191000A23134 /* Main.storyboard */ = {
			isa = PBXVariantGroup;
			children = (
				1FCF490529DC191000A23134 /* Base */,
			);
			name = Main.storyboard;
			sourceTree = "<group>";
		};
		1FCF490929DC191200A23134 /* LaunchScreen.storyboard */ = {
			isa = PBXVariantGroup;
			children = (
				1FCF490A29DC191200A23134 /* Base */,
			);
			name = LaunchScreen.storyboard;
			sourceTree = "<group>";
		};
/* End PBXVariantGroup section */

/* Begin XCBuildConfiguration section */
		1FCF490D29DC191200A23134 /* Debug */ = {
			isa = XCBuildConfiguration;
			buildSettings = {
				ALWAYS_SEARCH_USER_PATHS = NO;
				CLANG_ANALYZER_NONNULL = YES;
				CLANG_ANALYZER_NUMBER_OBJECT_CONVERSION = YES_AGGRESSIVE;
				CLANG_CXX_LANGUAGE_STANDARD = "gnu++20";
				CLANG_ENABLE_MODULES = YES;
				CLANG_ENABLE_OBJC_ARC = YES;
				CLANG_ENABLE_OBJC_WEAK = YES;
				CLANG_WARN_BLOCK_CAPTURE_AUTORELEASING = YES;
				CLANG_WARN_BOOL_CONVERSION = YES;
				CLANG_WARN_COMMA = YES;
				CLANG_WARN_CONSTANT_CONVERSION = YES;
				CLANG_WARN_DEPRECATED_OBJC_IMPLEMENTATIONS = YES;
				CLANG_WARN_DIRECT_OBJC_ISA_USAGE = YES_ERROR;
				CLANG_WARN_DOCUMENTATION_COMMENTS = YES;
				CLANG_WARN_EMPTY_BODY = YES;
				CLANG_WARN_ENUM_CONVERSION = YES;
				CLANG_WARN_INFINITE_RECURSION = YES;
				CLANG_WARN_INT_CONVERSION = YES;
				CLANG_WARN_NON_LITERAL_NULL_CONVERSION = YES;
				CLANG_WARN_OBJC_IMPLICIT_RETAIN_SELF = YES;
				CLANG_WARN_OBJC_LITERAL_CONVERSION = YES;
				CLANG_WARN_OBJC_ROOT_CLASS = YES_ERROR;
				CLANG_WARN_QUOTED_INCLUDE_IN_FRAMEWORK_HEADER = YES;
				CLANG_WARN_RANGE_LOOP_ANALYSIS = YES;
				CLANG_WARN_STRICT_PROTOTYPES = YES;
				CLANG_WARN_SUSPICIOUS_MOVE = YES;
				CLANG_WARN_UNGUARDED_AVAILABILITY = YES_AGGRESSIVE;
				CLANG_WARN_UNREACHABLE_CODE = YES;
				CLANG_WARN__DUPLICATE_METHOD_MATCH = YES;
				COPY_PHASE_STRIP = NO;
				DEBUG_INFORMATION_FORMAT = dwarf;
				ENABLE_STRICT_OBJC_MSGSEND = YES;
				ENABLE_TESTABILITY = YES;
				GCC_C_LANGUAGE_STANDARD = gnu11;
				GCC_DYNAMIC_NO_PIC = NO;
				GCC_NO_COMMON_BLOCKS = YES;
				GCC_OPTIMIZATION_LEVEL = 0;
				GCC_PREPROCESSOR_DEFINITIONS = (
					"DEBUG=1",
					"$(inherited)",
				);
				GCC_WARN_64_TO_32_BIT_CONVERSION = YES;
				GCC_WARN_ABOUT_RETURN_TYPE = YES_ERROR;
				GCC_WARN_UNDECLARED_SELECTOR = YES;
				GCC_WARN_UNINITIALIZED_AUTOS = YES_AGGRESSIVE;
				GCC_WARN_UNUSED_FUNCTION = YES;
				GCC_WARN_UNUSED_VARIABLE = YES;
				IPHONEOS_DEPLOYMENT_TARGET = 16.2;
				MTL_ENABLE_DEBUG_INFO = INCLUDE_SOURCE;
				MTL_FAST_MATH = YES;
				ONLY_ACTIVE_ARCH = YES;
				SDKROOT = iphoneos;
				SWIFT_ACTIVE_COMPILATION_CONDITIONS = DEBUG;
				SWIFT_OPTIMIZATION_LEVEL = "-Onone";
			};
			name = Debug;
		};
		1FCF490E29DC191200A23134 /* Release */ = {
			isa = XCBuildConfiguration;
			buildSettings = {
				ALWAYS_SEARCH_USER_PATHS = NO;
				CLANG_ANALYZER_NONNULL = YES;
				CLANG_ANALYZER_NUMBER_OBJECT_CONVERSION = YES_AGGRESSIVE;
				CLANG_CXX_LANGUAGE_STANDARD = "gnu++20";
				CLANG_ENABLE_MODULES = YES;
				CLANG_ENABLE_OBJC_ARC = YES;
				CLANG_ENABLE_OBJC_WEAK = YES;
				CLANG_WARN_BLOCK_CAPTURE_AUTORELEASING = YES;
				CLANG_WARN_BOOL_CONVERSION = YES;
				CLANG_WARN_COMMA = YES;
				CLANG_WARN_CONSTANT_CONVERSION = YES;
				CLANG_WARN_DEPRECATED_OBJC_IMPLEMENTATIONS = YES;
				CLANG_WARN_DIRECT_OBJC_ISA_USAGE = YES_ERROR;
				CLANG_WARN_DOCUMENTATION_COMMENTS = YES;
				CLANG_WARN_EMPTY_BODY = YES;
				CLANG_WARN_ENUM_CONVERSION = YES;
				CLANG_WARN_INFINITE_RECURSION = YES;
				CLANG_WARN_INT_CONVERSION = YES;
				CLANG_WARN_NON_LITERAL_NULL_CONVERSION = YES;
				CLANG_WARN_OBJC_IMPLICIT_RETAIN_SELF = YES;
				CLANG_WARN_OBJC_LITERAL_CONVERSION = YES;
				CLANG_WARN_OBJC_ROOT_CLASS = YES_ERROR;
				CLANG_WARN_QUOTED_INCLUDE_IN_FRAMEWORK_HEADER = YES;
				CLANG_WARN_RANGE_LOOP_ANALYSIS = YES;
				CLANG_WARN_STRICT_PROTOTYPES = YES;
				CLANG_WARN_SUSPICIOUS_MOVE = YES;
				CLANG_WARN_UNGUARDED_AVAILABILITY = YES_AGGRESSIVE;
				CLANG_WARN_UNREACHABLE_CODE = YES;
				CLANG_WARN__DUPLICATE_METHOD_MATCH = YES;
				COPY_PHASE_STRIP = NO;
				DEBUG_INFORMATION_FORMAT = "dwarf-with-dsym";
				ENABLE_NS_ASSERTIONS = NO;
				ENABLE_STRICT_OBJC_MSGSEND = YES;
				GCC_C_LANGUAGE_STANDARD = gnu11;
				GCC_NO_COMMON_BLOCKS = YES;
				GCC_WARN_64_TO_32_BIT_CONVERSION = YES;
				GCC_WARN_ABOUT_RETURN_TYPE = YES_ERROR;
				GCC_WARN_UNDECLARED_SELECTOR = YES;
				GCC_WARN_UNINITIALIZED_AUTOS = YES_AGGRESSIVE;
				GCC_WARN_UNUSED_FUNCTION = YES;
				GCC_WARN_UNUSED_VARIABLE = YES;
				IPHONEOS_DEPLOYMENT_TARGET = 16.2;
				MTL_ENABLE_DEBUG_INFO = NO;
				MTL_FAST_MATH = YES;
				SDKROOT = iphoneos;
				SWIFT_COMPILATION_MODE = wholemodule;
				SWIFT_OPTIMIZATION_LEVEL = "-O";
				VALIDATE_PRODUCT = YES;
			};
			name = Release;
		};
		1FCF491029DC191200A23134 /* Debug */ = {
			isa = XCBuildConfiguration;
			buildSettings = {
				ASSETCATALOG_COMPILER_APPICON_NAME = AppIcon;
				ASSETCATALOG_COMPILER_GLOBAL_ACCENT_COLOR_NAME = AccentColor;
				CODE_SIGN_STYLE = Automatic;
				CURRENT_PROJECT_VERSION = 1;
				GENERATE_INFOPLIST_FILE = YES;
				INFOPLIST_FILE = DemoUi/Info.plist;
				INFOPLIST_KEY_UIApplicationSupportsIndirectInputEvents = YES;
				INFOPLIST_KEY_UILaunchStoryboardName = LaunchScreen;
				INFOPLIST_KEY_UIMainStoryboardFile = Main;
				INFOPLIST_KEY_UISupportedInterfaceOrientations_iPad = "UIInterfaceOrientationPortrait UIInterfaceOrientationPortraitUpsideDown UIInterfaceOrientationLandscapeLeft UIInterfaceOrientationLandscapeRight";
				INFOPLIST_KEY_UISupportedInterfaceOrientations_iPhone = "UIInterfaceOrientationPortrait UIInterfaceOrientationLandscapeLeft UIInterfaceOrientationLandscapeRight";
				IPHONEOS_DEPLOYMENT_TARGET = 14.0;
				LD_RUNPATH_SEARCH_PATHS = (
					"$(inherited)",
					"@executable_path/Frameworks",
				);
				MARKETING_VERSION = 1.0;
				PRODUCT_BUNDLE_IDENTIFIER = com.codenvv.DemoUi;
				PRODUCT_NAME = "$(TARGET_NAME)";
				SUPPORTED_PLATFORMS = "iphoneos iphonesimulator";
				SUPPORTS_MACCATALYST = NO;
				SUPPORTS_MAC_DESIGNED_FOR_IPHONE_IPAD = NO;
				SWIFT_EMIT_LOC_STRINGS = YES;
				SWIFT_VERSION = 5.0;
				TARGETED_DEVICE_FAMILY = "1,2";
			};
			name = Debug;
		};
		1FCF491129DC191200A23134 /* Release */ = {
			isa = XCBuildConfiguration;
			buildSettings = {
				ASSETCATALOG_COMPILER_APPICON_NAME = AppIcon;
				ASSETCATALOG_COMPILER_GLOBAL_ACCENT_COLOR_NAME = AccentColor;
				CODE_SIGN_STYLE = Automatic;
				CURRENT_PROJECT_VERSION = 1;
				GENERATE_INFOPLIST_FILE = YES;
				INFOPLIST_FILE = DemoUi/Info.plist;
				INFOPLIST_KEY_UIApplicationSupportsIndirectInputEvents = YES;
				INFOPLIST_KEY_UILaunchStoryboardName = LaunchScreen;
				INFOPLIST_KEY_UIMainStoryboardFile = Main;
				INFOPLIST_KEY_UISupportedInterfaceOrientations_iPad = "UIInterfaceOrientationPortrait UIInterfaceOrientationPortraitUpsideDown UIInterfaceOrientationLandscapeLeft UIInterfaceOrientationLandscapeRight";
				INFOPLIST_KEY_UISupportedInterfaceOrientations_iPhone = "UIInterfaceOrientationPortrait UIInterfaceOrientationLandscapeLeft UIInterfaceOrientationLandscapeRight";
				IPHONEOS_DEPLOYMENT_TARGET = 14.0;
				LD_RUNPATH_SEARCH_PATHS = (
					"$(inherited)",
					"@executable_path/Frameworks",
				);
				MARKETING_VERSION = 1.0;
				PRODUCT_BUNDLE_IDENTIFIER = com.codenvv.DemoUi;
				PRODUCT_NAME = "$(TARGET_NAME)";
				SUPPORTED_PLATFORMS = "iphoneos iphonesimulator";
				SUPPORTS_MACCATALYST = NO;
				SUPPORTS_MAC_DESIGNED_FOR_IPHONE_IPAD = NO;
				SWIFT_EMIT_LOC_STRINGS = YES;
				SWIFT_VERSION = 5.0;
				TARGETED_DEVICE_FAMILY = "1,2";
			};
			name = Release;
		};
/* End XCBuildConfiguration section */

/* Begin XCConfigurationList section */
		1FCF48F629DC191000A23134 /* Build configuration list for PBXProject "DemoUi" */ = {
			isa = XCConfigurationList;
			buildConfigurations = (
				1FCF490D29DC191200A23134 /* Debug */,
				1FCF490E29DC191200A23134 /* Release */,
			);
			defaultConfigurationIsVisible = 0;
			defaultConfigurationName = Release;
		};
		1FCF490F29DC191200A23134 /* Build configuration list for PBXNativeTarget "DemoUi" */ = {
			isa = XCConfigurationList;
			buildConfigurations = (
				1FCF491029DC191200A23134 /* Debug */,
				1FCF491129DC191200A23134 /* Release */,
			);
			defaultConfigurationIsVisible = 0;
			defaultConfigurationName = Release;
		};
/* End XCConfigurationList section */
	};
	rootObject = 1FCF48F329DC191000A23134 /* Project object */;
}
